
Microsoft Visual Studio Solution File, Format Version 12.00
# Visual Studio Version 17
VisualStudioVersion = 17.2.32526.322
MinimumVisualStudioVersion = 10.0.40219.1
Project("{9A19103F-16F7-4668-BE54-9A1E7A4F7556}") = "ParkyAPI", "ParkyAPI\ParkyAPI.csproj", "{CBC5D27E-1FB1-4CC9-9286-CE8C5BA48D8C}"
EndProject
Project("{FAE04EC0-301F-11D3-BF4B-00C04F79EFBC}") = "ParkyWeb", "ParkyWeb\ParkyWeb.csproj", "{21CB0A79-EF9B-4992-98A8-A6F753B4F510}"
EndProject
Global
	GlobalSection(SolutionConfigurationPlatforms) = preSolution
		Debug|Any CPU = Debug|Any CPU
		Release|Any CPU = Release|Any CPU
	EndGlobalSection
	GlobalSection(ProjectConfigurationPlatforms) = postSolution
		{CBC5D27E-1FB1-4CC9-9286-CE8C5BA48D8C}.Debug|Any CPU.ActiveCfg = Debug|Any CPU
		{CBC5D27E-1FB1-4CC9-9286-CE8C5BA48D8C}.Debug|Any CPU.Build.0 = Debug|Any CPU
		{CBC5D27E-1FB1-4CC9-9286-CE8C5BA48D8C}.Release|Any CPU.ActiveCfg = Release|Any CPU
		{CBC5D27E-1FB1-4CC9-9286-CE8C5BA48D8C}.Release|Any CPU.Build.0 = Release|Any CPU
		{21CB0A79-EF9B-4992-98A8-A6F753B4F510}.Debug|Any CPU.ActiveCfg = Debug|Any CPU
		{21CB0A79-EF9B-4992-98A8-A6F753B4F510}.Debug|Any CPU.Build.0 = Debug|Any CPU
		{21CB0A79-EF9B-4992-98A8-A6F753B4F510}.Release|Any CPU.ActiveCfg = Release|Any CPU
		{21CB0A79-EF9B-4992-98A8-A6F753B4F510}.Release|Any CPU.Build.0 = Release|Any CPU
	EndGlobalSection
	GlobalSection(SolutionProperties) = preSolution
		HideSolutionNode = FALSE
	EndGlobalSection
	GlobalSection(ExtensibilityGlobals) = postSolution
		SolutionGuid = {48E63F6C-B195-4CEF-8B25-1B0CB9409D5A}
	EndGlobalSection
EndGlobal
